
Microsoft Visual Studio Solution File, Format Version 12.00
# Visual Studio 15
VisualStudioVersion = 15.0.27703.1
MinimumVisualStudioVersion = 10.0.40219.1
Project("{FAE04EC0-301F-11D3-BF4B-00C04F79EFBC}") = "SmartLink.WebUI", "SmartLink.WebUI\SmartLink.WebUI.csproj", "{0C46BD66-0A3D-4CDD-992B-EA2CDA4A4AF6}"
EndProject
Project("{FAE04EC0-301F-11D3-BF4B-00C04F79EFBC}") = "SmartLink.Repository", "SmartLink.Repository\SmartLink.Repository.csproj", "{4A77A341-10CA-4071-91B1-279B8E969168}"
EndProject
Project("{FAE04EC0-301F-11D3-BF4B-00C04F79EFBC}") = "SmartLink.BLL", "SmartLink.BLL\SmartLink.BLL.csproj", "{AA08DE99-704B-4362-8A21-2BB9C942D0BE}"
EndProject
Project("{FAE04EC0-301F-11D3-BF4B-00C04F79EFBC}") = "SmartLink.DataModel", "SmartLink.DataModel\SmartLink.DataModel.csproj", "{5BF342A8-E729-46D3-90F3-7CC429C47BB5}"
EndProject
Global
	GlobalSection(SolutionConfigurationPlatforms) = preSolution
		Debug|Any CPU = Debug|Any CPU
		Release|Any CPU = Release|Any CPU
	EndGlobalSection
	GlobalSection(ProjectConfigurationPlatforms) = postSolution
		{0C46BD66-0A3D-4CDD-992B-EA2CDA4A4AF6}.Debug|Any CPU.ActiveCfg = Debug|Any CPU
		{0C46BD66-0A3D-4CDD-992B-EA2CDA4A4AF6}.Debug|Any CPU.Build.0 = Debug|Any CPU
		{0C46BD66-0A3D-4CDD-992B-EA2CDA4A4AF6}.Release|Any CPU.ActiveCfg = Release|Any CPU
		{0C46BD66-0A3D-4CDD-992B-EA2CDA4A4AF6}.Release|Any CPU.Build.0 = Release|Any CPU
		{4A77A341-10CA-4071-91B1-279B8E969168}.Debug|Any CPU.ActiveCfg = Debug|Any CPU
		{4A77A341-10CA-4071-91B1-279B8E969168}.Debug|Any CPU.Build.0 = Debug|Any CPU
		{4A77A341-10CA-4071-91B1-279B8E969168}.Release|Any CPU.ActiveCfg = Release|Any CPU
		{4A77A341-10CA-4071-91B1-279B8E969168}.Release|Any CPU.Build.0 = Release|Any CPU
		{AA08DE99-704B-4362-8A21-2BB9C942D0BE}.Debug|Any CPU.ActiveCfg = Debug|Any CPU
		{AA08DE99-704B-4362-8A21-2BB9C942D0BE}.Debug|Any CPU.Build.0 = Debug|Any CPU
		{AA08DE99-704B-4362-8A21-2BB9C942D0BE}.Release|Any CPU.ActiveCfg = Release|Any CPU
		{AA08DE99-704B-4362-8A21-2BB9C942D0BE}.Release|Any CPU.Build.0 = Release|Any CPU
		{5BF342A8-E729-46D3-90F3-7CC429C47BB5}.Debug|Any CPU.ActiveCfg = Debug|Any CPU
		{5BF342A8-E729-46D3-90F3-7CC429C47BB5}.Debug|Any CPU.Build.0 = Debug|Any CPU
		{5BF342A8-E729-46D3-90F3-7CC429C47BB5}.Release|Any CPU.ActiveCfg = Release|Any CPU
		{5BF342A8-E729-46D3-90F3-7CC429C47BB5}.Release|Any CPU.Build.0 = Release|Any CPU
	EndGlobalSection
	GlobalSection(SolutionProperties) = preSolution
		HideSolutionNode = FALSE
	EndGlobalSection
	GlobalSection(ExtensibilityGlobals) = postSolution
		SolutionGuid = {08248E54-BEC3-49AA-A6F8-B9176E5EB991}
	EndGlobalSection
EndGlobal
